
Microsoft Visual Studio Solution File, Format Version 12.00
# Visual Studio 15
VisualStudioVersion = 15.0.28010.2036
MinimumVisualStudioVersion = 10.0.40219.1
Project("{9A19103F-16F7-4668-BE54-9A1E7A4F7556}") = "Jetsparrow.Aasb", "Jetsparrow.Aasb\Jetsparrow.Aasb.csproj", "{66AFFD7B-5B2D-4C85-8523-770702255511}"
EndProject
Project("{FAE04EC0-301F-11D3-BF4B-00C04F79EFBC}") = "Jetsparrow.Aasb.Tests", "Jetsparrow.Aasb.Tests\Jetsparrow.Aasb.Tests.csproj", "{AA3CB2CB-05F1-46C4-8710-2702BD663A8B}"
EndProject
Global
	GlobalSection(SolutionConfigurationPlatforms) = preSolution
		Debug|Any CPU = Debug|Any CPU
		Release|Any CPU = Release|Any CPU
	EndGlobalSection
	GlobalSection(ProjectConfigurationPlatforms) = postSolution
		{66AFFD7B-5B2D-4C85-8523-770702255511}.Debug|Any CPU.ActiveCfg = Debug|Any CPU
		{66AFFD7B-5B2D-4C85-8523-770702255511}.Debug|Any CPU.Build.0 = Debug|Any CPU
		{66AFFD7B-5B2D-4C85-8523-770702255511}.Release|Any CPU.ActiveCfg = Release|Any CPU
		{66AFFD7B-5B2D-4C85-8523-770702255511}.Release|Any CPU.Build.0 = Release|Any CPU
		{AA3CB2CB-05F1-46C4-8710-2702BD663A8B}.Debug|Any CPU.ActiveCfg = Debug|Any CPU
		{AA3CB2CB-05F1-46C4-8710-2702BD663A8B}.Debug|Any CPU.Build.0 = Debug|Any CPU
		{AA3CB2CB-05F1-46C4-8710-2702BD663A8B}.Release|Any CPU.ActiveCfg = Release|Any CPU
		{AA3CB2CB-05F1-46C4-8710-2702BD663A8B}.Release|Any CPU.Build.0 = Release|Any CPU
	EndGlobalSection
	GlobalSection(SolutionProperties) = preSolution
		HideSolutionNode = FALSE
	EndGlobalSection
	GlobalSection(ExtensibilityGlobals) = postSolution
		SolutionGuid = {F0B6EAE6-9D61-4E40-B5B8-3269484DB0D2}
	EndGlobalSection
EndGlobal
